
Microsoft Visual Studio Solution File, Format Version 12.00
# Visual Studio 15
VisualStudioVersion = 15.0.28010.2048
MinimumVisualStudioVersion = 10.0.40219.1
Project("{FAE04EC0-301F-11D3-BF4B-00C04F79EFBC}") = "AADB2C", "AADB2C\AADB2C.csproj", "{A5D7C059-0195-4981-8FED-BCDCD15163CF}"
EndProject
Global
	GlobalSection(SolutionConfigurationPlatforms) = preSolution
		Debug|Any CPU = Debug|Any CPU
		Release|Any CPU = Release|Any CPU
	EndGlobalSection
	GlobalSection(ProjectConfigurationPlatforms) = postSolution
		{A5D7C059-0195-4981-8FED-BCDCD15163CF}.Debug|Any CPU.ActiveCfg = Debug|Any CPU
		{A5D7C059-0195-4981-8FED-BCDCD15163CF}.Debug|Any CPU.Build.0 = Debug|Any CPU
		{A5D7C059-0195-4981-8FED-BCDCD15163CF}.Release|Any CPU.ActiveCfg = Release|Any CPU
		{A5D7C059-0195-4981-8FED-BCDCD15163CF}.Release|Any CPU.Build.0 = Release|Any CPU
	EndGlobalSection
	GlobalSection(SolutionProperties) = preSolution
		HideSolutionNode = FALSE
	EndGlobalSection
	GlobalSection(ExtensibilityGlobals) = postSolution
		SolutionGuid = {53705887-5E44-470C-8E55-DA9308A90A73}
	EndGlobalSection
EndGlobal
